
Microsoft Visual Studio Solution File, Format Version 12.00
# Visual Studio Version 17
VisualStudioVersion = 17.3.32819.101
MinimumVisualStudioVersion = 10.0.40219.1
Project("{FAE04EC0-301F-11D3-BF4B-00C04F79EFBC}") = "TugasModul1PBOPR", "TugasModul1PBOPR.csproj", "{C91140A5-D243-4DF2-BDA6-12790E3B325D}"
EndProject
Global
	GlobalSection(SolutionConfigurationPlatforms) = preSolution
		Debug|Any CPU = Debug|Any CPU
		Release|Any CPU = Release|Any CPU
	EndGlobalSection
	GlobalSection(ProjectConfigurationPlatforms) = postSolution
		{C91140A5-D243-4DF2-BDA6-12790E3B325D}.Debug|Any CPU.ActiveCfg = Debug|Any CPU
		{C91140A5-D243-4DF2-BDA6-12790E3B325D}.Debug|Any CPU.Build.0 = Debug|Any CPU
		{C91140A5-D243-4DF2-BDA6-12790E3B325D}.Release|Any CPU.ActiveCfg = Release|Any CPU
		{C91140A5-D243-4DF2-BDA6-12790E3B325D}.Release|Any CPU.Build.0 = Release|Any CPU
	EndGlobalSection
	GlobalSection(SolutionProperties) = preSolution
		HideSolutionNode = FALSE
	EndGlobalSection
	GlobalSection(ExtensibilityGlobals) = postSolution
		SolutionGuid = {901D21C9-0773-4168-995C-6EA368044524}
	EndGlobalSection
EndGlobal
